
Microsoft Visual Studio Solution File, Format Version 12.00
# Visual Studio Version 17
VisualStudioVersion = 17.3.32922.545
MinimumVisualStudioVersion = 10.0.40219.1
Project("{FAE04EC0-301F-11D3-BF4B-00C04F79EFBC}") = "CalculatorJenkins", "CalculatorJenkins\CalculatorJenkins.csproj", "{328F5B76-9F57-4FE3-AB71-5030C4AFF1EB}"
EndProject
Global
	GlobalSection(SolutionConfigurationPlatforms) = preSolution
		Debug|Any CPU = Debug|Any CPU
		Release|Any CPU = Release|Any CPU
	EndGlobalSection
	GlobalSection(ProjectConfigurationPlatforms) = postSolution
		{328F5B76-9F57-4FE3-AB71-5030C4AFF1EB}.Debug|Any CPU.ActiveCfg = Debug|Any CPU
		{328F5B76-9F57-4FE3-AB71-5030C4AFF1EB}.Debug|Any CPU.Build.0 = Debug|Any CPU
		{328F5B76-9F57-4FE3-AB71-5030C4AFF1EB}.Release|Any CPU.ActiveCfg = Release|Any CPU
		{328F5B76-9F57-4FE3-AB71-5030C4AFF1EB}.Release|Any CPU.Build.0 = Release|Any CPU
	EndGlobalSection
	GlobalSection(SolutionProperties) = preSolution
		HideSolutionNode = FALSE
	EndGlobalSection
	GlobalSection(ExtensibilityGlobals) = postSolution
		SolutionGuid = {BD6B61BD-60A9-4164-B0F1-11E949431714}
	EndGlobalSection
EndGlobal
